
Microsoft Visual Studio Solution File, Format Version 12.00
# Visual Studio Version 17
VisualStudioVersion = 17.10.35013.160
MinimumVisualStudioVersion = 10.0.40219.1
Project("{9A19103F-16F7-4668-BE54-9A1E7A4F7556}") = "Domain", "src\Domain\Domain.csproj", "{6D2654DC-98D9-4B9F-B1F5-5F9FFB6155AD}"
EndProject
Project("{2150E333-8FDC-42A3-9474-1A3956D46DE8}") = "src", "src", "{864D3C2F-9796-4B2A-A98F-A8AF0130D427}"
EndProject
Project("{9A19103F-16F7-4668-BE54-9A1E7A4F7556}") = "Application", "src\Application\Application.csproj", "{C8033212-564F-4A74-8ED9-2BE845615002}"
EndProject
Project("{2150E333-8FDC-42A3-9474-1A3956D46DE8}") = "test", "test", "{1087BAC6-D744-4FA7-B287-082B2E9D00E3}"
EndProject
Project("{9A19103F-16F7-4668-BE54-9A1E7A4F7556}") = "Infrastructure", "src\Infrastructure\Infrastructure.csproj", "{CFAE71D2-F563-4CE8-A81D-A5C880F57676}"
EndProject
Project("{54A90642-561A-4BB1-A94E-469ADEE60C69}") = "client", "src\Client\client.esproj", "{1C4C8B1B-B32F-4CA7-92F7-F28746AEDAB5}"
EndProject
Project("{9A19103F-16F7-4668-BE54-9A1E7A4F7556}") = "WebApp", "src\WebApp\WebApp.csproj", "{31BA4033-5A14-43F1-9B40-1555535C6125}"
EndProject
Project("{2150E333-8FDC-42A3-9474-1A3956D46DE8}") = "frontend", "frontend", "{4CD322C7-CC04-4F34-B5F0-F92853FD84DF}"
EndProject
Project("{2150E333-8FDC-42A3-9474-1A3956D46DE8}") = "backend", "backend", "{6243B075-7205-4EBD-8D92-0BA2515CA522}"
EndProject
Project("{2150E333-8FDC-42A3-9474-1A3956D46DE8}") = "src", "src", "{08AB8345-4F3A-46F8-B432-2A8FE4589ACF}"
EndProject
Global
	GlobalSection(SolutionConfigurationPlatforms) = preSolution
		Debug|Any CPU = Debug|Any CPU
		Release|Any CPU = Release|Any CPU
	EndGlobalSection
	GlobalSection(ProjectConfigurationPlatforms) = postSolution
		{6D2654DC-98D9-4B9F-B1F5-5F9FFB6155AD}.Debug|Any CPU.ActiveCfg = Debug|Any CPU
		{6D2654DC-98D9-4B9F-B1F5-5F9FFB6155AD}.Debug|Any CPU.Build.0 = Debug|Any CPU
		{6D2654DC-98D9-4B9F-B1F5-5F9FFB6155AD}.Release|Any CPU.ActiveCfg = Release|Any CPU
		{6D2654DC-98D9-4B9F-B1F5-5F9FFB6155AD}.Release|Any CPU.Build.0 = Release|Any CPU
		{C8033212-564F-4A74-8ED9-2BE845615002}.Debug|Any CPU.ActiveCfg = Debug|Any CPU
		{C8033212-564F-4A74-8ED9-2BE845615002}.Debug|Any CPU.Build.0 = Debug|Any CPU
		{C8033212-564F-4A74-8ED9-2BE845615002}.Release|Any CPU.ActiveCfg = Release|Any CPU
		{C8033212-564F-4A74-8ED9-2BE845615002}.Release|Any CPU.Build.0 = Release|Any CPU
		{CFAE71D2-F563-4CE8-A81D-A5C880F57676}.Debug|Any CPU.ActiveCfg = Debug|Any CPU
		{CFAE71D2-F563-4CE8-A81D-A5C880F57676}.Debug|Any CPU.Build.0 = Debug|Any CPU
		{CFAE71D2-F563-4CE8-A81D-A5C880F57676}.Release|Any CPU.ActiveCfg = Release|Any CPU
		{CFAE71D2-F563-4CE8-A81D-A5C880F57676}.Release|Any CPU.Build.0 = Release|Any CPU
		{1C4C8B1B-B32F-4CA7-92F7-F28746AEDAB5}.Debug|Any CPU.ActiveCfg = Debug|Any CPU
		{1C4C8B1B-B32F-4CA7-92F7-F28746AEDAB5}.Debug|Any CPU.Build.0 = Debug|Any CPU
		{1C4C8B1B-B32F-4CA7-92F7-F28746AEDAB5}.Debug|Any CPU.Deploy.0 = Debug|Any CPU
		{1C4C8B1B-B32F-4CA7-92F7-F28746AEDAB5}.Release|Any CPU.ActiveCfg = Release|Any CPU
		{1C4C8B1B-B32F-4CA7-92F7-F28746AEDAB5}.Release|Any CPU.Build.0 = Release|Any CPU
		{1C4C8B1B-B32F-4CA7-92F7-F28746AEDAB5}.Release|Any CPU.Deploy.0 = Release|Any CPU
		{31BA4033-5A14-43F1-9B40-1555535C6125}.Debug|Any CPU.ActiveCfg = Debug|Any CPU
		{31BA4033-5A14-43F1-9B40-1555535C6125}.Debug|Any CPU.Build.0 = Debug|Any CPU
		{31BA4033-5A14-43F1-9B40-1555535C6125}.Release|Any CPU.ActiveCfg = Release|Any CPU
		{31BA4033-5A14-43F1-9B40-1555535C6125}.Release|Any CPU.Build.0 = Release|Any CPU
	EndGlobalSection
	GlobalSection(SolutionProperties) = preSolution
		HideSolutionNode = FALSE
	EndGlobalSection
	GlobalSection(NestedProjects) = preSolution
		{6D2654DC-98D9-4B9F-B1F5-5F9FFB6155AD} = {864D3C2F-9796-4B2A-A98F-A8AF0130D427}
		{864D3C2F-9796-4B2A-A98F-A8AF0130D427} = {6243B075-7205-4EBD-8D92-0BA2515CA522}
		{C8033212-564F-4A74-8ED9-2BE845615002} = {864D3C2F-9796-4B2A-A98F-A8AF0130D427}
		{1087BAC6-D744-4FA7-B287-082B2E9D00E3} = {6243B075-7205-4EBD-8D92-0BA2515CA522}
		{CFAE71D2-F563-4CE8-A81D-A5C880F57676} = {864D3C2F-9796-4B2A-A98F-A8AF0130D427}
		{1C4C8B1B-B32F-4CA7-92F7-F28746AEDAB5} = {08AB8345-4F3A-46F8-B432-2A8FE4589ACF}
		{31BA4033-5A14-43F1-9B40-1555535C6125} = {864D3C2F-9796-4B2A-A98F-A8AF0130D427}
		{08AB8345-4F3A-46F8-B432-2A8FE4589ACF} = {4CD322C7-CC04-4F34-B5F0-F92853FD84DF}
	EndGlobalSection
	GlobalSection(ExtensibilityGlobals) = postSolution
		SolutionGuid = {31FB3DAB-17F6-444C-ADCB-2362BE48100B}
	EndGlobalSection
EndGlobal
